// !$*UTF8*$!
{
	archiveVersion = 1;
	classes = {
	};
	objectVersion = 48;
	objects = {

/* Begin PBXBuildFile section */
		8ABAB45120F852AD006A1C62 /* AppDelegate.swift in Sources */ = {isa = PBXBuildFile; fileRef = 8ABAB45020F852AD006A1C62 /* AppDelegate.swift */; };
		8ABAB45320F852AD006A1C62 /* ViewController.swift in Sources */ = {isa = PBXBuildFile; fileRef = 8ABAB45220F852AD006A1C62 /* ViewController.swift */; };
		8ABAB45620F852AD006A1C62 /* Main.storyboard in Resources */ = {isa = PBXBuildFile; fileRef = 8ABAB45420F852AD006A1C62 /* Main.storyboard */; };
		8ABAB45820F852AD006A1C62 /* Assets.xcassets in Resources */ = {isa = PBXBuildFile; fileRef = 8ABAB45720F852AD006A1C62 /* Assets.xcassets */; };
		8ABAB45B20F852AD006A1C62 /* LaunchScreen.storyboard in Resources */ = {isa = PBXBuildFile; fileRef = 8ABAB45920F852AD006A1C62 /* LaunchScreen.storyboard */; };
		8ABAB46320F852FD006A1C62 /* OpenGLView.swift in Sources */ = {isa = PBXBuildFile; fileRef = 8ABAB46220F852FD006A1C62 /* OpenGLView.swift */; };
		8ABAB46620F85432006A1C62 /* OpenGLES.framework in Frameworks */ = {isa = PBXBuildFile; fileRef = 8ABAB46520F85432006A1C62 /* OpenGLES.framework */; };
/* End PBXBuildFile section */

/* Begin PBXFileReference section */
		8ABAB44D20F852AD006A1C62 /* Demo4.app */ = {isa = PBXFileReference; explicitFileType = wrapper.application; includeInIndex = 0; path = Demo4.app; sourceTree = BUILT_PRODUCTS_DIR; };
		8ABAB45020F852AD006A1C62 /* AppDelegate.swift */ = {isa = PBXFileReference; lastKnownFileType = sourcecode.swift; path = AppDelegate.swift; sourceTree = "<group>"; };
		8ABAB45220F852AD006A1C62 /* ViewController.swift */ = {isa = PBXFileReference; lastKnownFileType = sourcecode.swift; path = ViewController.swift; sourceTree = "<group>"; };
		8ABAB45520F852AD006A1C62 /* Base */ = {isa = PBXFileReference; lastKnownFileType = file.storyboard; name = Base; path = Base.lproj/Main.storyboard; sourceTree = "<group>"; };
		8ABAB45720F852AD006A1C62 /* Assets.xcassets */ = {isa = PBXFileReference; lastKnownFileType = folder.assetcatalog; path = Assets.xcassets; sourceTree = "<group>"; };
		8ABAB45A20F852AD006A1C62 /* Base */ = {isa = PBXFileReference; lastKnownFileType = file.storyboard; name = Base; path = Base.lproj/LaunchScreen.storyboard; sourceTree = "<group>"; };
		8ABAB45C20F852AD006A1C62 /* Info.plist */ = {isa = PBXFileReference; lastKnownFileType = text.plist.xml; path = Info.plist; sourceTree = "<group>"; };
		8ABAB46220F852FD006A1C62 /* OpenGLView.swift */ = {isa = PBXFileReference; lastKnownFileType = sourcecode.swift; path = OpenGLView.swift; sourceTree = "<group>"; };
		8ABAB46520F85432006A1C62 /* OpenGLES.framework */ = {isa = PBXFileReference; lastKnownFileType = wrapper.framework; name = OpenGLES.framework; path = System/Library/Frameworks/OpenGLES.framework; sourceTree = SDKROOT; };
/* End PBXFileReference section */

/* Begin PBXFrameworksBuildPhase section */
		8ABAB44A20F852AD006A1C62 /* Frameworks */ = {
			isa = PBXFrameworksBuildPhase;
			buildActionMask = 2147483647;
			files = (
				8ABAB46620F85432006A1C62 /* OpenGLES.framework in Frameworks */,
			);
			runOnlyForDeploymentPostprocessing = 0;
		};
/* End PBXFrameworksBuildPhase section */

/* Begin PBXGroup section */
		8ABAB44420F852AD006A1C62 = {
			isa = PBXGroup;
			children = (
				8ABAB44F20F852AD006A1C62 /* Demo4 */,
				8ABAB44E20F852AD006A1C62 /* Products */,
				8ABAB46420F85432006A1C62 /* Frameworks */,
			);
			sourceTree = "<group>";
		};
		8ABAB44E20F852AD006A1C62 /* Products */ = {
			isa = PBXGroup;
			children = (
				8ABAB44D20F852AD006A1C62 /* Demo4.app */,
			);
			name = Products;
			sourceTree = "<group>";
		};
		8ABAB44F20F852AD006A1C62 /* Demo4 */ = {
			isa = PBXGroup;
			children = (
				8ABAB45020F852AD006A1C62 /* AppDelegate.swift */,
				8ABAB45220F852AD006A1C62 /* ViewController.swift */,
				8ABAB46220F852FD006A1C62 /* OpenGLView.swift */,
				8ABAB45420F852AD006A1C62 /* Main.storyboard */,
				8ABAB45720F852AD006A1C62 /* Assets.xcassets */,
				8ABAB45920F852AD006A1C62 /* LaunchScreen.storyboard */,
				8ABAB45C20F852AD006A1C62 /* Info.plist */,
			);
			path = Demo4;
			sourceTree = "<group>";
		};
		8ABAB46420F85432006A1C62 /* Frameworks */ = {
			isa = PBXGroup;
			children = (
				8ABAB46520F85432006A1C62 /* OpenGLES.framework */,
			);
			name = Frameworks;
			sourceTree = "<group>";
		};
/* End PBXGroup section */

/* Begin PBXNativeTarget section */
		8ABAB44C20F852AD006A1C62 /* Demo4 */ = {
			isa = PBXNativeTarget;
			buildConfigurationList = 8ABAB45F20F852AD006A1C62 /* Build configuration list for PBXNativeTarget "Demo4" */;
			buildPhases = (
				8ABAB44920F852AD006A1C62 /* Sources */,
				8ABAB44A20F852AD006A1C62 /* Frameworks */,
				8ABAB44B20F852AD006A1C62 /* Resources */,
			);
			buildRules = (
			);
			dependencies = (
			);
			name = Demo4;
			productName = Demo4;
			productReference = 8ABAB44D20F852AD006A1C62 /* Demo4.app */;
			productType = "com.apple.product-type.application";
		};
/* End PBXNativeTarget section */

/* Begin PBXProject section */
		8ABAB44520F852AD006A1C62 /* Project object */ = {
			isa = PBXProject;
			attributes = {
				LastSwiftUpdateCheck = 0920;
				LastUpgradeCheck = 0920;
				ORGANIZATIONNAME = yoyo;
				TargetAttributes = {
					8ABAB44C20F852AD006A1C62 = {
						CreatedOnToolsVersion = 9.2;
						ProvisioningStyle = Manual;
					};
				};
			};
			buildConfigurationList = 8ABAB44820F852AD006A1C62 /* Build configuration list for PBXProject "Demo4" */;
			compatibilityVersion = "Xcode 8.0";
			developmentRegion = en;
			hasScannedForEncodings = 0;
			knownRegions = (
				en,
				Base,
			);
			mainGroup = 8ABAB44420F852AD006A1C62;
			productRefGroup = 8ABAB44E20F852AD006A1C62 /* Products */;
			projectDirPath = "";
			projectRoot = "";
			targets = (
				8ABAB44C20F852AD006A1C62 /* Demo4 */,
			);
		};
/* End PBXProject section */

/* Begin PBXResourcesBuildPhase section */
		8ABAB44B20F852AD006A1C62 /* Resources */ = {
			isa = PBXResourcesBuildPhase;
			buildActionMask = 2147483647;
			files = (
				8ABAB45B20F852AD006A1C62 /* LaunchScreen.storyboard in Resources */,
				8ABAB45820F852AD006A1C62 /* Assets.xcassets in Resources */,
				8ABAB45620F852AD006A1C62 /* Main.storyboard in Resources */,
			);
			runOnlyForDeploymentPostprocessing = 0;
		};
/* End PBXResourcesBuildPhase section */

/* Begin PBXSourcesBuildPhase section */
		8ABAB44920F852AD006A1C62 /* Sources */ = {
			isa = PBXSourcesBuildPhase;
			buildActionMask = 2147483647;
			files = (
				8ABAB45320F852AD006A1C62 /* ViewController.swift in Sources */,
				8ABAB46320F852FD006A1C62 /* OpenGLView.swift in Sources */,
				8ABAB45120F852AD006A1C62 /* AppDelegate.swift in Sources */,
			);
			runOnlyForDeploymentPostprocessing = 0;
		};
/* End PBXSourcesBuildPhase section */

/* Begin PBXVariantGroup section */
		8ABAB45420F852AD006A1C62 /* Main.storyboard */ = {
			isa = PBXVariantGroup;
			children = (
				8ABAB45520F852AD006A1C62 /* Base */,
			);
			name = Main.storyboard;
			sourceTree = "<group>";
		};
		8ABAB45920F852AD006A1C62 /* LaunchScreen.storyboard */ = {
			isa = PBXVariantGroup;
			children = (
				8ABAB45A20F852AD006A1C62 /* Base */,
			);
			name = LaunchScreen.storyboard;
			sourceTree = "<group>";
		};
/* End PBXVariantGroup section */

/* Begin XCBuildConfiguration section */
		8ABAB45D20F852AD006A1C62 /* Debug */ = {
			isa = XCBuildConfiguration;
			buildSettings = {
				ALWAYS_SEARCH_USER_PATHS = NO;
				CLANG_ANALYZER_NONNULL = YES;
				CLANG_ANALYZER_NUMBER_OBJECT_CONVERSION = YES_AGGRESSIVE;
				CLANG_CXX_LANGUAGE_STANDARD = "gnu++14";
				CLANG_CXX_LIBRARY = "libc++";
				CLANG_ENABLE_MODULES = YES;
				CLANG_ENABLE_OBJC_ARC = YES;
				CLANG_WARN_BLOCK_CAPTURE_AUTORELEASING = YES;
				CLANG_WARN_BOOL_CONVERSION = YES;
				CLANG_WARN_COMMA = YES;
				CLANG_WARN_CONSTANT_CONVERSION = YES;
				CLANG_WARN_DIRECT_OBJC_ISA_USAGE = YES_ERROR;
				CLANG_WARN_DOCUMENTATION_COMMENTS = YES;
				CLANG_WARN_EMPTY_BODY = YES;
				CLANG_WARN_ENUM_CONVERSION = YES;
				CLANG_WARN_INFINITE_RECURSION = YES;
				CLANG_WARN_INT_CONVERSION = YES;
				CLANG_WARN_NON_LITERAL_NULL_CONVERSION = YES;
				CLANG_WARN_OBJC_LITERAL_CONVERSION = YES;
				CLANG_WARN_OBJC_ROOT_CLASS = YES_ERROR;
				CLANG_WARN_RANGE_LOOP_ANALYSIS = YES;
				CLANG_WARN_STRICT_PROTOTYPES = YES;
				CLANG_WARN_SUSPICIOUS_MOVE = YES;
				CLANG_WARN_UNGUARDED_AVAILABILITY = YES_AGGRESSIVE;
				CLANG_WARN_UNREACHABLE_CODE = YES;
				CLANG_WARN__DUPLICATE_METHOD_MATCH = YES;
				CODE_SIGN_IDENTITY = "iPhone Developer";
				COPY_PHASE_STRIP = NO;
				DEBUG_INFORMATION_FORMAT = dwarf;
				ENABLE_STRICT_OBJC_MSGSEND = YES;
				ENABLE_TESTABILITY = YES;
				GCC_C_LANGUAGE_STANDARD = gnu11;
				GCC_DYNAMIC_NO_PIC = NO;
				GCC_NO_COMMON_BLOCKS = YES;
				GCC_OPTIMIZATION_LEVEL = 0;
				GCC_PREPROCESSOR_DEFINITIONS = (
					"DEBUG=1",
					"$(inherited)",
				);
				GCC_WARN_64_TO_32_BIT_CONVERSION = YES;
				GCC_WARN_ABOUT_RETURN_TYPE = YES_ERROR;
				GCC_WARN_UNDECLARED_SELECTOR = YES;
				GCC_WARN_UNINITIALIZED_AUTOS = YES_AGGRESSIVE;
				GCC_WARN_UNUSED_FUNCTION = YES;
				GCC_WARN_UNUSED_VARIABLE = YES;
				IPHONEOS_DEPLOYMENT_TARGET = 11.2;
				MTL_ENABLE_DEBUG_INFO = YES;
				ONLY_ACTIVE_ARCH = YES;
				SDKROOT = iphoneos;
				SWIFT_ACTIVE_COMPILATION_CONDITIONS = DEBUG;
				SWIFT_OPTIMIZATION_LEVEL = "-Onone";
			};
			name = Debug;
		};
		8ABAB45E20F852AD006A1C62 /* Release */ = {
			isa = XCBuildConfiguration;
			buildSettings = {
				ALWAYS_SEARCH_USER_PATHS = NO;
				CLANG_ANALYZER_NONNULL = YES;
				CLANG_ANALYZER_NUMBER_OBJECT_CONVERSION = YES_AGGRESSIVE;
				CLANG_CXX_LANGUAGE_STANDARD = "gnu++14";
				CLANG_CXX_LIBRARY = "libc++";
				CLANG_ENABLE_MODULES = YES;
				CLANG_ENABLE_OBJC_ARC = YES;
				CLANG_WARN_BLOCK_CAPTURE_AUTORELEASING = YES;
				CLANG_WARN_BOOL_CONVERSION = YES;
				CLANG_WARN_COMMA = YES;
				CLANG_WARN_CONSTANT_CONVERSION = YES;
				CLANG_WARN_DIRECT_OBJC_ISA_USAGE = YES_ERROR;
				CLANG_WARN_DOCUMENTATION_COMMENTS = YES;
				CLANG_WARN_EMPTY_BODY = YES;
				CLANG_WARN_ENUM_CONVERSION = YES;
				CLANG_WARN_INFINITE_RECURSION = YES;
				CLANG_WARN_INT_CONVERSION = YES;
				CLANG_WARN_NON_LITERAL_NULL_CONVERSION = YES;
				CLANG_WARN_OBJC_LITERAL_CONVERSION = YES;
				CLANG_WARN_OBJC_ROOT_CLASS = YES_ERROR;
				CLANG_WARN_RANGE_LOOP_ANALYSIS = YES;
				CLANG_WARN_STRICT_PROTOTYPES = YES;
				CLANG_WARN_SUSPICIOUS_MOVE = YES;
				CLANG_WARN_UNGUARDED_AVAILABILITY = YES_AGGRESSIVE;
				CLANG_WARN_UNREACHABLE_CODE = YES;
				CLANG_WARN__DUPLICATE_METHOD_MATCH = YES;
				CODE_SIGN_IDENTITY = "iPhone Developer";
				COPY_PHASE_STRIP = NO;
				DEBUG_INFORMATION_FORMAT = "dwarf-with-dsym";
				ENABLE_NS_ASSERTIONS = NO;
				ENABLE_STRICT_OBJC_MSGSEND = YES;
				GCC_C_LANGUAGE_STANDARD = gnu11;
				GCC_NO_COMMON_BLOCKS = YES;
				GCC_WARN_64_TO_32_BIT_CONVERSION = YES;
				GCC_WARN_ABOUT_RETURN_TYPE = YES_ERROR;
				GCC_WARN_UNDECLARED_SELECTOR = YES;
				GCC_WARN_UNINITIALIZED_AUTOS = YES_AGGRESSIVE;
				GCC_WARN_UNUSED_FUNCTION = YES;
				GCC_WARN_UNUSED_VARIABLE = YES;
				IPHONEOS_DEPLOYMENT_TARGET = 11.2;
				MTL_ENABLE_DEBUG_INFO = NO;
				SDKROOT = iphoneos;
				SWIFT_OPTIMIZATION_LEVEL = "-Owholemodule";
				VALIDATE_PRODUCT = YES;
			};
			name = Release;
		};
		8ABAB46020F852AD006A1C62 /* Debug */ = {
			isa = XCBuildConfiguration;
			buildSettings = {
				ASSETCATALOG_COMPILER_APPICON_NAME = AppIcon;
				CODE_SIGN_STYLE = Manual;
				DEVELOPMENT_TEAM = FJV2B9GPDW;
				INFOPLIST_FILE = Demo4/Info.plist;
				IPHONEOS_DEPLOYMENT_TARGET = 10.0;
				LD_RUNPATH_SEARCH_PATHS = "$(inherited) @executable_path/Frameworks";
				PRODUCT_BUNDLE_IDENTIFIER = com.yoyoshijie.philm;
				PRODUCT_NAME = "$(TARGET_NAME)";
				PROVISIONING_PROFILE = "3aeacfd8-cfac-4028-a7e1-75912749ac2d";
				PROVISIONING_PROFILE_SPECIFIER = com.yoyoshijie.philm.beta;
				SWIFT_VERSION = 4.0;
				TARGETED_DEVICE_FAMILY = "1,2";
			};
			name = Debug;
		};
		8ABAB46120F852AD006A1C62 /* Release */ = {
			isa = XCBuildConfiguration;
			buildSettings = {
				ASSETCATALOG_COMPILER_APPICON_NAME = AppIcon;
				CODE_SIGN_STYLE = Manual;
				DEVELOPMENT_TEAM = FJV2B9GPDW;
				INFOPLIST_FILE = Demo4/Info.plist;
				IPHONEOS_DEPLOYMENT_TARGET = 10.0;
				LD_RUNPATH_SEARCH_PATHS = "$(inherited) @executable_path/Frameworks";
				PRODUCT_BUNDLE_IDENTIFIER = com.yoyoshijie.philm;
				PRODUCT_NAME = "$(TARGET_NAME)";
				PROVISIONING_PROFILE = "3aeacfd8-cfac-4028-a7e1-75912749ac2d";
				PROVISIONING_PROFILE_SPECIFIER = com.yoyoshijie.philm.beta;
				SWIFT_VERSION = 4.0;
				TARGETED_DEVICE_FAMILY = "1,2";
			};
			name = Release;
		};
/* End XCBuildConfiguration section */

/* Begin XCConfigurationList section */
		8ABAB44820F852AD006A1C62 /* Build configuration list for PBXProject "Demo4" */ = {
			isa = XCConfigurationList;
			buildConfigurations = (
				8ABAB45D20F852AD006A1C62 /* Debug */,
				8ABAB45E20F852AD006A1C62 /* Release */,
			);
			defaultConfigurationIsVisible = 0;
			defaultConfigurationName = Release;
		};
		8ABAB45F20F852AD006A1C62 /* Build configuration list for PBXNativeTarget "Demo4" */ = {
			isa = XCConfigurationList;
			buildConfigurations = (
				8ABAB46020F852AD006A1C62 /* Debug */,
				8ABAB46120F852AD006A1C62 /* Release */,
			);
			defaultConfigurationIsVisible = 0;
			defaultConfigurationName = Release;
		};
/* End XCConfigurationList section */
	};
	rootObject = 8ABAB44520F852AD006A1C62 /* Project object */;
}
