// !$*UTF8*$!
{
	archiveVersion = 1;
	classes = {
	};
	objectVersion = 48;
	objects = {

/* Begin PBXBuildFile section */
		8A600F8220F6F5DA0022B1D7 /* AppDelegate.swift in Sources */ = {isa = PBXBuildFile; fileRef = 8A600F8120F6F5DA0022B1D7 /* AppDelegate.swift */; };
		8A600F8420F6F5DA0022B1D7 /* ViewController.swift in Sources */ = {isa = PBXBuildFile; fileRef = 8A600F8320F6F5DA0022B1D7 /* ViewController.swift */; };
		8A600F8720F6F5DA0022B1D7 /* Main.storyboard in Resources */ = {isa = PBXBuildFile; fileRef = 8A600F8520F6F5DA0022B1D7 /* Main.storyboard */; };
		8A600F8920F6F5DA0022B1D7 /* Assets.xcassets in Resources */ = {isa = PBXBuildFile; fileRef = 8A600F8820F6F5DA0022B1D7 /* Assets.xcassets */; };
		8A600F8C20F6F5DA0022B1D7 /* LaunchScreen.storyboard in Resources */ = {isa = PBXBuildFile; fileRef = 8A600F8A20F6F5DA0022B1D7 /* LaunchScreen.storyboard */; };
		8A600F9520F6F63A0022B1D7 /* GLKit.framework in Frameworks */ = {isa = PBXBuildFile; fileRef = 8A600F9420F6F63A0022B1D7 /* GLKit.framework */; };
		8A600F9720F6F6420022B1D7 /* OpenGLES.framework in Frameworks */ = {isa = PBXBuildFile; fileRef = 8A600F9620F6F6420022B1D7 /* OpenGLES.framework */; };
		8A600F9A20F6FA120022B1D7 /* WechatIMG35.jpeg in Resources */ = {isa = PBXBuildFile; fileRef = 8A600F9820F6FA110022B1D7 /* WechatIMG35.jpeg */; };
		8A600F9B20F6FA120022B1D7 /* WechatIMG29.jpeg in Resources */ = {isa = PBXBuildFile; fileRef = 8A600F9920F6FA120022B1D7 /* WechatIMG29.jpeg */; };
/* End PBXBuildFile section */

/* Begin PBXFileReference section */
		8A600F7E20F6F5DA0022B1D7 /* Demo2.app */ = {isa = PBXFileReference; explicitFileType = wrapper.application; includeInIndex = 0; path = Demo2.app; sourceTree = BUILT_PRODUCTS_DIR; };
		8A600F8120F6F5DA0022B1D7 /* AppDelegate.swift */ = {isa = PBXFileReference; lastKnownFileType = sourcecode.swift; path = AppDelegate.swift; sourceTree = "<group>"; };
		8A600F8320F6F5DA0022B1D7 /* ViewController.swift */ = {isa = PBXFileReference; lastKnownFileType = sourcecode.swift; path = ViewController.swift; sourceTree = "<group>"; };
		8A600F8620F6F5DA0022B1D7 /* Base */ = {isa = PBXFileReference; lastKnownFileType = file.storyboard; name = Base; path = Base.lproj/Main.storyboard; sourceTree = "<group>"; };
		8A600F8820F6F5DA0022B1D7 /* Assets.xcassets */ = {isa = PBXFileReference; lastKnownFileType = folder.assetcatalog; path = Assets.xcassets; sourceTree = "<group>"; };
		8A600F8B20F6F5DA0022B1D7 /* Base */ = {isa = PBXFileReference; lastKnownFileType = file.storyboard; name = Base; path = Base.lproj/LaunchScreen.storyboard; sourceTree = "<group>"; };
		8A600F8D20F6F5DA0022B1D7 /* Info.plist */ = {isa = PBXFileReference; lastKnownFileType = text.plist.xml; path = Info.plist; sourceTree = "<group>"; };
		8A600F9420F6F63A0022B1D7 /* GLKit.framework */ = {isa = PBXFileReference; lastKnownFileType = wrapper.framework; name = GLKit.framework; path = System/Library/Frameworks/GLKit.framework; sourceTree = SDKROOT; };
		8A600F9620F6F6420022B1D7 /* OpenGLES.framework */ = {isa = PBXFileReference; lastKnownFileType = wrapper.framework; name = OpenGLES.framework; path = System/Library/Frameworks/OpenGLES.framework; sourceTree = SDKROOT; };
		8A600F9820F6FA110022B1D7 /* WechatIMG35.jpeg */ = {isa = PBXFileReference; lastKnownFileType = image.jpeg; path = WechatIMG35.jpeg; sourceTree = "<group>"; };
		8A600F9920F6FA120022B1D7 /* WechatIMG29.jpeg */ = {isa = PBXFileReference; lastKnownFileType = image.jpeg; path = WechatIMG29.jpeg; sourceTree = "<group>"; };
/* End PBXFileReference section */

/* Begin PBXFrameworksBuildPhase section */
		8A600F7B20F6F5DA0022B1D7 /* Frameworks */ = {
			isa = PBXFrameworksBuildPhase;
			buildActionMask = 2147483647;
			files = (
				8A600F9720F6F6420022B1D7 /* OpenGLES.framework in Frameworks */,
				8A600F9520F6F63A0022B1D7 /* GLKit.framework in Frameworks */,
			);
			runOnlyForDeploymentPostprocessing = 0;
		};
/* End PBXFrameworksBuildPhase section */

/* Begin PBXGroup section */
		8A600F7520F6F5DA0022B1D7 = {
			isa = PBXGroup;
			children = (
				8A600F8020F6F5DA0022B1D7 /* Demo2 */,
				8A600F7F20F6F5DA0022B1D7 /* Products */,
				8A600F9320F6F63A0022B1D7 /* Frameworks */,
			);
			sourceTree = "<group>";
		};
		8A600F7F20F6F5DA0022B1D7 /* Products */ = {
			isa = PBXGroup;
			children = (
				8A600F7E20F6F5DA0022B1D7 /* Demo2.app */,
			);
			name = Products;
			sourceTree = "<group>";
		};
		8A600F8020F6F5DA0022B1D7 /* Demo2 */ = {
			isa = PBXGroup;
			children = (
				8A600F9920F6FA120022B1D7 /* WechatIMG29.jpeg */,
				8A600F9820F6FA110022B1D7 /* WechatIMG35.jpeg */,
				8A600F8120F6F5DA0022B1D7 /* AppDelegate.swift */,
				8A600F8320F6F5DA0022B1D7 /* ViewController.swift */,
				8A600F8520F6F5DA0022B1D7 /* Main.storyboard */,
				8A600F8820F6F5DA0022B1D7 /* Assets.xcassets */,
				8A600F8A20F6F5DA0022B1D7 /* LaunchScreen.storyboard */,
				8A600F8D20F6F5DA0022B1D7 /* Info.plist */,
			);
			path = Demo2;
			sourceTree = "<group>";
		};
		8A600F9320F6F63A0022B1D7 /* Frameworks */ = {
			isa = PBXGroup;
			children = (
				8A600F9620F6F6420022B1D7 /* OpenGLES.framework */,
				8A600F9420F6F63A0022B1D7 /* GLKit.framework */,
			);
			name = Frameworks;
			sourceTree = "<group>";
		};
/* End PBXGroup section */

/* Begin PBXNativeTarget section */
		8A600F7D20F6F5DA0022B1D7 /* Demo2 */ = {
			isa = PBXNativeTarget;
			buildConfigurationList = 8A600F9020F6F5DA0022B1D7 /* Build configuration list for PBXNativeTarget "Demo2" */;
			buildPhases = (
				8A600F7A20F6F5DA0022B1D7 /* Sources */,
				8A600F7B20F6F5DA0022B1D7 /* Frameworks */,
				8A600F7C20F6F5DA0022B1D7 /* Resources */,
			);
			buildRules = (
			);
			dependencies = (
			);
			name = Demo2;
			productName = Demo2;
			productReference = 8A600F7E20F6F5DA0022B1D7 /* Demo2.app */;
			productType = "com.apple.product-type.application";
		};
/* End PBXNativeTarget section */

/* Begin PBXProject section */
		8A600F7620F6F5DA0022B1D7 /* Project object */ = {
			isa = PBXProject;
			attributes = {
				LastSwiftUpdateCheck = 0920;
				LastUpgradeCheck = 0920;
				ORGANIZATIONNAME = yoyo;
				TargetAttributes = {
					8A600F7D20F6F5DA0022B1D7 = {
						CreatedOnToolsVersion = 9.2;
						ProvisioningStyle = Manual;
					};
				};
			};
			buildConfigurationList = 8A600F7920F6F5DA0022B1D7 /* Build configuration list for PBXProject "Demo2" */;
			compatibilityVersion = "Xcode 8.0";
			developmentRegion = en;
			hasScannedForEncodings = 0;
			knownRegions = (
				en,
				Base,
			);
			mainGroup = 8A600F7520F6F5DA0022B1D7;
			productRefGroup = 8A600F7F20F6F5DA0022B1D7 /* Products */;
			projectDirPath = "";
			projectRoot = "";
			targets = (
				8A600F7D20F6F5DA0022B1D7 /* Demo2 */,
			);
		};
/* End PBXProject section */

/* Begin PBXResourcesBuildPhase section */
		8A600F7C20F6F5DA0022B1D7 /* Resources */ = {
			isa = PBXResourcesBuildPhase;
			buildActionMask = 2147483647;
			files = (
				8A600F8C20F6F5DA0022B1D7 /* LaunchScreen.storyboard in Resources */,
				8A600F9A20F6FA120022B1D7 /* WechatIMG35.jpeg in Resources */,
				8A600F9B20F6FA120022B1D7 /* WechatIMG29.jpeg in Resources */,
				8A600F8920F6F5DA0022B1D7 /* Assets.xcassets in Resources */,
				8A600F8720F6F5DA0022B1D7 /* Main.storyboard in Resources */,
			);
			runOnlyForDeploymentPostprocessing = 0;
		};
/* End PBXResourcesBuildPhase section */

/* Begin PBXSourcesBuildPhase section */
		8A600F7A20F6F5DA0022B1D7 /* Sources */ = {
			isa = PBXSourcesBuildPhase;
			buildActionMask = 2147483647;
			files = (
				8A600F8420F6F5DA0022B1D7 /* ViewController.swift in Sources */,
				8A600F8220F6F5DA0022B1D7 /* AppDelegate.swift in Sources */,
			);
			runOnlyForDeploymentPostprocessing = 0;
		};
/* End PBXSourcesBuildPhase section */

/* Begin PBXVariantGroup section */
		8A600F8520F6F5DA0022B1D7 /* Main.storyboard */ = {
			isa = PBXVariantGroup;
			children = (
				8A600F8620F6F5DA0022B1D7 /* Base */,
			);
			name = Main.storyboard;
			sourceTree = "<group>";
		};
		8A600F8A20F6F5DA0022B1D7 /* LaunchScreen.storyboard */ = {
			isa = PBXVariantGroup;
			children = (
				8A600F8B20F6F5DA0022B1D7 /* Base */,
			);
			name = LaunchScreen.storyboard;
			sourceTree = "<group>";
		};
/* End PBXVariantGroup section */

/* Begin XCBuildConfiguration section */
		8A600F8E20F6F5DA0022B1D7 /* Debug */ = {
			isa = XCBuildConfiguration;
			buildSettings = {
				ALWAYS_SEARCH_USER_PATHS = NO;
				CLANG_ANALYZER_NONNULL = YES;
				CLANG_ANALYZER_NUMBER_OBJECT_CONVERSION = YES_AGGRESSIVE;
				CLANG_CXX_LANGUAGE_STANDARD = "gnu++14";
				CLANG_CXX_LIBRARY = "libc++";
				CLANG_ENABLE_MODULES = YES;
				CLANG_ENABLE_OBJC_ARC = YES;
				CLANG_WARN_BLOCK_CAPTURE_AUTORELEASING = YES;
				CLANG_WARN_BOOL_CONVERSION = YES;
				CLANG_WARN_COMMA = YES;
				CLANG_WARN_CONSTANT_CONVERSION = YES;
				CLANG_WARN_DIRECT_OBJC_ISA_USAGE = YES_ERROR;
				CLANG_WARN_DOCUMENTATION_COMMENTS = YES;
				CLANG_WARN_EMPTY_BODY = YES;
				CLANG_WARN_ENUM_CONVERSION = YES;
				CLANG_WARN_INFINITE_RECURSION = YES;
				CLANG_WARN_INT_CONVERSION = YES;
				CLANG_WARN_NON_LITERAL_NULL_CONVERSION = YES;
				CLANG_WARN_OBJC_LITERAL_CONVERSION = YES;
				CLANG_WARN_OBJC_ROOT_CLASS = YES_ERROR;
				CLANG_WARN_RANGE_LOOP_ANALYSIS = YES;
				CLANG_WARN_STRICT_PROTOTYPES = YES;
				CLANG_WARN_SUSPICIOUS_MOVE = YES;
				CLANG_WARN_UNGUARDED_AVAILABILITY = YES_AGGRESSIVE;
				CLANG_WARN_UNREACHABLE_CODE = YES;
				CLANG_WARN__DUPLICATE_METHOD_MATCH = YES;
				CODE_SIGN_IDENTITY = "iPhone Developer";
				COPY_PHASE_STRIP = NO;
				DEBUG_INFORMATION_FORMAT = dwarf;
				ENABLE_STRICT_OBJC_MSGSEND = YES;
				ENABLE_TESTABILITY = YES;
				GCC_C_LANGUAGE_STANDARD = gnu11;
				GCC_DYNAMIC_NO_PIC = NO;
				GCC_NO_COMMON_BLOCKS = YES;
				GCC_OPTIMIZATION_LEVEL = 0;
				GCC_PREPROCESSOR_DEFINITIONS = (
					"DEBUG=1",
					"$(inherited)",
				);
				GCC_WARN_64_TO_32_BIT_CONVERSION = YES;
				GCC_WARN_ABOUT_RETURN_TYPE = YES_ERROR;
				GCC_WARN_UNDECLARED_SELECTOR = YES;
				GCC_WARN_UNINITIALIZED_AUTOS = YES_AGGRESSIVE;
				GCC_WARN_UNUSED_FUNCTION = YES;
				GCC_WARN_UNUSED_VARIABLE = YES;
				IPHONEOS_DEPLOYMENT_TARGET = 11.2;
				MTL_ENABLE_DEBUG_INFO = YES;
				ONLY_ACTIVE_ARCH = YES;
				SDKROOT = iphoneos;
				SWIFT_ACTIVE_COMPILATION_CONDITIONS = DEBUG;
				SWIFT_OPTIMIZATION_LEVEL = "-Onone";
			};
			name = Debug;
		};
		8A600F8F20F6F5DA0022B1D7 /* Release */ = {
			isa = XCBuildConfiguration;
			buildSettings = {
				ALWAYS_SEARCH_USER_PATHS = NO;
				CLANG_ANALYZER_NONNULL = YES;
				CLANG_ANALYZER_NUMBER_OBJECT_CONVERSION = YES_AGGRESSIVE;
				CLANG_CXX_LANGUAGE_STANDARD = "gnu++14";
				CLANG_CXX_LIBRARY = "libc++";
				CLANG_ENABLE_MODULES = YES;
				CLANG_ENABLE_OBJC_ARC = YES;
				CLANG_WARN_BLOCK_CAPTURE_AUTORELEASING = YES;
				CLANG_WARN_BOOL_CONVERSION = YES;
				CLANG_WARN_COMMA = YES;
				CLANG_WARN_CONSTANT_CONVERSION = YES;
				CLANG_WARN_DIRECT_OBJC_ISA_USAGE = YES_ERROR;
				CLANG_WARN_DOCUMENTATION_COMMENTS = YES;
				CLANG_WARN_EMPTY_BODY = YES;
				CLANG_WARN_ENUM_CONVERSION = YES;
				CLANG_WARN_INFINITE_RECURSION = YES;
				CLANG_WARN_INT_CONVERSION = YES;
				CLANG_WARN_NON_LITERAL_NULL_CONVERSION = YES;
				CLANG_WARN_OBJC_LITERAL_CONVERSION = YES;
				CLANG_WARN_OBJC_ROOT_CLASS = YES_ERROR;
				CLANG_WARN_RANGE_LOOP_ANALYSIS = YES;
				CLANG_WARN_STRICT_PROTOTYPES = YES;
				CLANG_WARN_SUSPICIOUS_MOVE = YES;
				CLANG_WARN_UNGUARDED_AVAILABILITY = YES_AGGRESSIVE;
				CLANG_WARN_UNREACHABLE_CODE = YES;
				CLANG_WARN__DUPLICATE_METHOD_MATCH = YES;
				CODE_SIGN_IDENTITY = "iPhone Developer";
				COPY_PHASE_STRIP = NO;
				DEBUG_INFORMATION_FORMAT = "dwarf-with-dsym";
				ENABLE_NS_ASSERTIONS = NO;
				ENABLE_STRICT_OBJC_MSGSEND = YES;
				GCC_C_LANGUAGE_STANDARD = gnu11;
				GCC_NO_COMMON_BLOCKS = YES;
				GCC_WARN_64_TO_32_BIT_CONVERSION = YES;
				GCC_WARN_ABOUT_RETURN_TYPE = YES_ERROR;
				GCC_WARN_UNDECLARED_SELECTOR = YES;
				GCC_WARN_UNINITIALIZED_AUTOS = YES_AGGRESSIVE;
				GCC_WARN_UNUSED_FUNCTION = YES;
				GCC_WARN_UNUSED_VARIABLE = YES;
				IPHONEOS_DEPLOYMENT_TARGET = 11.2;
				MTL_ENABLE_DEBUG_INFO = NO;
				SDKROOT = iphoneos;
				SWIFT_OPTIMIZATION_LEVEL = "-Owholemodule";
				VALIDATE_PRODUCT = YES;
			};
			name = Release;
		};
		8A600F9120F6F5DA0022B1D7 /* Debug */ = {
			isa = XCBuildConfiguration;
			buildSettings = {
				ASSETCATALOG_COMPILER_APPICON_NAME = AppIcon;
				CODE_SIGN_STYLE = Manual;
				DEVELOPMENT_TEAM = FJV2B9GPDW;
				INFOPLIST_FILE = Demo2/Info.plist;
				IPHONEOS_DEPLOYMENT_TARGET = 10.0;
				LD_RUNPATH_SEARCH_PATHS = "$(inherited) @executable_path/Frameworks";
				PRODUCT_BUNDLE_IDENTIFIER = com.yoyoshijie.philm;
				PRODUCT_NAME = "$(TARGET_NAME)";
				PROVISIONING_PROFILE = "3aeacfd8-cfac-4028-a7e1-75912749ac2d";
				PROVISIONING_PROFILE_SPECIFIER = com.yoyoshijie.philm.beta;
				SWIFT_VERSION = 4.0;
				TARGETED_DEVICE_FAMILY = "1,2";
			};
			name = Debug;
		};
		8A600F9220F6F5DA0022B1D7 /* Release */ = {
			isa = XCBuildConfiguration;
			buildSettings = {
				ASSETCATALOG_COMPILER_APPICON_NAME = AppIcon;
				CODE_SIGN_STYLE = Manual;
				DEVELOPMENT_TEAM = FJV2B9GPDW;
				INFOPLIST_FILE = Demo2/Info.plist;
				IPHONEOS_DEPLOYMENT_TARGET = 10.0;
				LD_RUNPATH_SEARCH_PATHS = "$(inherited) @executable_path/Frameworks";
				PRODUCT_BUNDLE_IDENTIFIER = com.yoyoshijie.philm;
				PRODUCT_NAME = "$(TARGET_NAME)";
				PROVISIONING_PROFILE = "3aeacfd8-cfac-4028-a7e1-75912749ac2d";
				PROVISIONING_PROFILE_SPECIFIER = com.yoyoshijie.philm.beta;
				SWIFT_VERSION = 4.0;
				TARGETED_DEVICE_FAMILY = "1,2";
			};
			name = Release;
		};
/* End XCBuildConfiguration section */

/* Begin XCConfigurationList section */
		8A600F7920F6F5DA0022B1D7 /* Build configuration list for PBXProject "Demo2" */ = {
			isa = XCConfigurationList;
			buildConfigurations = (
				8A600F8E20F6F5DA0022B1D7 /* Debug */,
				8A600F8F20F6F5DA0022B1D7 /* Release */,
			);
			defaultConfigurationIsVisible = 0;
			defaultConfigurationName = Release;
		};
		8A600F9020F6F5DA0022B1D7 /* Build configuration list for PBXNativeTarget "Demo2" */ = {
			isa = XCConfigurationList;
			buildConfigurations = (
				8A600F9120F6F5DA0022B1D7 /* Debug */,
				8A600F9220F6F5DA0022B1D7 /* Release */,
			);
			defaultConfigurationIsVisible = 0;
			defaultConfigurationName = Release;
		};
/* End XCConfigurationList section */
	};
	rootObject = 8A600F7620F6F5DA0022B1D7 /* Project object */;
}
